// !$*UTF8*$!
{
	archiveVersion = 1;
	classes = {
	};
	objectVersion = 46;
	objects = {

/* Begin PBXBuildFile section */
		B628E1861D1BE1FC006F88FB /* TMFDateAttributes.m in Sources */ = {isa = PBXBuildFile; fileRef = B628E1851D1BE1FC006F88FB /* TMFDateAttributes.m */; };
		B65665F51D1B85E5004A57B9 /* main.m in Sources */ = {isa = PBXBuildFile; fileRef = B65665F41D1B85E5004A57B9 /* main.m */; };
		B65665F81D1B85E5004A57B9 /* AppDelegate.m in Sources */ = {isa = PBXBuildFile; fileRef = B65665F71D1B85E5004A57B9 /* AppDelegate.m */; };
		B65665FE1D1B85E5004A57B9 /* Main.storyboard in Resources */ = {isa = PBXBuildFile; fileRef = B65665FC1D1B85E5004A57B9 /* Main.storyboard */; };
		B65666001D1B85E5004A57B9 /* Assets.xcassets in Resources */ = {isa = PBXBuildFile; fileRef = B65665FF1D1B85E5004A57B9 /* Assets.xcassets */; };
		B65666031D1B85E5004A57B9 /* LaunchScreen.storyboard in Resources */ = {isa = PBXBuildFile; fileRef = B65666011D1B85E5004A57B9 /* LaunchScreen.storyboard */; };
		B656660E1D1B85E5004A57B9 /* TMFReorderCollectionCellIniOS7Tests.m in Sources */ = {isa = PBXBuildFile; fileRef = B656660D1D1B85E5004A57B9 /* TMFReorderCollectionCellIniOS7Tests.m */; };
		B656661A1D1B869D004A57B9 /* TMFSortableCollectionViewFlowLayout.m in Sources */ = {isa = PBXBuildFile; fileRef = B65666191D1B869D004A57B9 /* TMFSortableCollectionViewFlowLayout.m */; };
		B656661D1D1B87C9004A57B9 /* TMFDateCollectionViewController.m in Sources */ = {isa = PBXBuildFile; fileRef = B656661C1D1B87C9004A57B9 /* TMFDateCollectionViewController.m */; };
		B65666201D1B8A78004A57B9 /* TMFDateCollectionViewCell.m in Sources */ = {isa = PBXBuildFile; fileRef = B656661F1D1B8A78004A57B9 /* TMFDateCollectionViewCell.m */; };
		B658B81C1D1D0498003BD995 /* UIColor+TMFUtilityColor.m in Sources */ = {isa = PBXBuildFile; fileRef = B658B81B1D1D0498003BD995 /* UIColor+TMFUtilityColor.m */; };
		B658B8271D1D2B0B003BD995 /* NSDate+WSPXUtility.m in Sources */ = {isa = PBXBuildFile; fileRef = B658B8261D1D2B0B003BD995 /* NSDate+WSPXUtility.m */; };
		FFA472D01D1FBDE700CF2C95 /* QuartzCore.framework in Frameworks */ = {isa = PBXBuildFile; fileRef = FFA472CF1D1FBDE700CF2C95 /* QuartzCore.framework */; };
		FFA472D21D1FBDF200CF2C95 /* CoreGraphics.framework in Frameworks */ = {isa = PBXBuildFile; fileRef = FFA472D11D1FBDF200CF2C95 /* CoreGraphics.framework */; };
		FFA472D61D1FC49500CF2C95 /* Default-568h@2x.png in Resources */ = {isa = PBXBuildFile; fileRef = FFA472D31D1FC49500CF2C95 /* Default-568h@2x.png */; };
		FFA472D71D1FC49500CF2C95 /* Default.png in Resources */ = {isa = PBXBuildFile; fileRef = FFA472D41D1FC49500CF2C95 /* Default.png */; };
		FFA472D81D1FC49500CF2C95 /* Default@2x.png in Resources */ = {isa = PBXBuildFile; fileRef = FFA472D51D1FC49500CF2C95 /* Default@2x.png */; };
/* End PBXBuildFile section */

/* Begin PBXContainerItemProxy section */
		B656660A1D1B85E5004A57B9 /* PBXContainerItemProxy */ = {
			isa = PBXContainerItemProxy;
			containerPortal = B65665E81D1B85E5004A57B9 /* Project object */;
			proxyType = 1;
			remoteGlobalIDString = B65665EF1D1B85E5004A57B9;
			remoteInfo = TMFReorderCollectionCellIniOS7;
		};
/* End PBXContainerItemProxy section */

/* Begin PBXFileReference section */
		B628E1841D1BE1FC006F88FB /* TMFDateAttributes.h */ = {isa = PBXFileReference; fileEncoding = 4; lastKnownFileType = sourcecode.c.h; path = TMFDateAttributes.h; sourceTree = "<group>"; };
		B628E1851D1BE1FC006F88FB /* TMFDateAttributes.m */ = {isa = PBXFileReference; fileEncoding = 4; lastKnownFileType = sourcecode.c.objc; path = TMFDateAttributes.m; sourceTree = "<group>"; };
		B65665F01D1B85E5004A57B9 /* TMFReorderCollectionCellIniOS7.app */ = {isa = PBXFileReference; explicitFileType = wrapper.application; includeInIndex = 0; path = TMFReorderCollectionCellIniOS7.app; sourceTree = BUILT_PRODUCTS_DIR; };
		B65665F41D1B85E5004A57B9 /* main.m */ = {isa = PBXFileReference; lastKnownFileType = sourcecode.c.objc; path = main.m; sourceTree = "<group>"; };
		B65665F61D1B85E5004A57B9 /* AppDelegate.h */ = {isa = PBXFileReference; lastKnownFileType = sourcecode.c.h; path = AppDelegate.h; sourceTree = "<group>"; };
		B65665F71D1B85E5004A57B9 /* AppDelegate.m */ = {isa = PBXFileReference; lastKnownFileType = sourcecode.c.objc; path = AppDelegate.m; sourceTree = "<group>"; };
		B65665FD1D1B85E5004A57B9 /* Base */ = {isa = PBXFileReference; lastKnownFileType = file.storyboard; name = Base; path = Base.lproj/Main.storyboard; sourceTree = "<group>"; };
		B65665FF1D1B85E5004A57B9 /* Assets.xcassets */ = {isa = PBXFileReference; lastKnownFileType = folder.assetcatalog; path = Assets.xcassets; sourceTree = "<group>"; };
		B65666021D1B85E5004A57B9 /* Base */ = {isa = PBXFileReference; lastKnownFileType = file.storyboard; name = Base; path = Base.lproj/LaunchScreen.storyboard; sourceTree = "<group>"; };
		B65666041D1B85E5004A57B9 /* Info.plist */ = {isa = PBXFileReference; lastKnownFileType = text.plist.xml; path = Info.plist; sourceTree = "<group>"; };
		B65666091D1B85E5004A57B9 /* TMFReorderCollectionCellIniOS7Tests.xctest */ = {isa = PBXFileReference; explicitFileType = wrapper.cfbundle; includeInIndex = 0; path = TMFReorderCollectionCellIniOS7Tests.xctest; sourceTree = BUILT_PRODUCTS_DIR; };
		B656660D1D1B85E5004A57B9 /* TMFReorderCollectionCellIniOS7Tests.m */ = {isa = PBXFileReference; lastKnownFileType = sourcecode.c.objc; path = TMFReorderCollectionCellIniOS7Tests.m; sourceTree = "<group>"; };
		B656660F1D1B85E5004A57B9 /* Info.plist */ = {isa = PBXFileReference; lastKnownFileType = text.plist.xml; path = Info.plist; sourceTree = "<group>"; };
		B65666181D1B869D004A57B9 /* TMFSortableCollectionViewFlowLayout.h */ = {isa = PBXFileReference; fileEncoding = 4; lastKnownFileType = sourcecode.c.h; path = TMFSortableCollectionViewFlowLayout.h; sourceTree = "<group>"; };
		B65666191D1B869D004A57B9 /* TMFSortableCollectionViewFlowLayout.m */ = {isa = PBXFileReference; fileEncoding = 4; lastKnownFileType = sourcecode.c.objc; path = TMFSortableCollectionViewFlowLayout.m; sourceTree = "<group>"; };
		B656661B1D1B87C9004A57B9 /* TMFDateCollectionViewController.h */ = {isa = PBXFileReference; fileEncoding = 4; lastKnownFileType = sourcecode.c.h; path = TMFDateCollectionViewController.h; sourceTree = "<group>"; };
		B656661C1D1B87C9004A57B9 /* TMFDateCollectionViewController.m */ = {isa = PBXFileReference; fileEncoding = 4; lastKnownFileType = sourcecode.c.objc; path = TMFDateCollectionViewController.m; sourceTree = "<group>"; };
		B656661E1D1B8A78004A57B9 /* TMFDateCollectionViewCell.h */ = {isa = PBXFileReference; fileEncoding = 4; lastKnownFileType = sourcecode.c.h; path = TMFDateCollectionViewCell.h; sourceTree = "<group>"; };
		B656661F1D1B8A78004A57B9 /* TMFDateCollectionViewCell.m */ = {isa = PBXFileReference; fileEncoding = 4; lastKnownFileType = sourcecode.c.objc; path = TMFDateCollectionViewCell.m; sourceTree = "<group>"; };
		B658B81A1D1D0498003BD995 /* UIColor+TMFUtilityColor.h */ = {isa = PBXFileReference; fileEncoding = 4; lastKnownFileType = sourcecode.c.h; path = "UIColor+TMFUtilityColor.h"; sourceTree = "<group>"; };
		B658B81B1D1D0498003BD995 /* UIColor+TMFUtilityColor.m */ = {isa = PBXFileReference; fileEncoding = 4; lastKnownFileType = sourcecode.c.objc; path = "UIColor+TMFUtilityColor.m"; sourceTree = "<group>"; };
		B658B8251D1D2B0B003BD995 /* NSDate+WSPXUtility.h */ = {isa = PBXFileReference; fileEncoding = 4; lastKnownFileType = sourcecode.c.h; path = "NSDate+WSPXUtility.h"; sourceTree = "<group>"; };
		B658B8261D1D2B0B003BD995 /* NSDate+WSPXUtility.m */ = {isa = PBXFileReference; fileEncoding = 4; lastKnownFileType = sourcecode.c.objc; path = "NSDate+WSPXUtility.m"; sourceTree = "<group>"; };
		FFA472CF1D1FBDE700CF2C95 /* QuartzCore.framework */ = {isa = PBXFileReference; lastKnownFileType = wrapper.framework; name = QuartzCore.framework; path = System/Library/Frameworks/QuartzCore.framework; sourceTree = SDKROOT; };
		FFA472D11D1FBDF200CF2C95 /* CoreGraphics.framework */ = {isa = PBXFileReference; lastKnownFileType = wrapper.framework; name = CoreGraphics.framework; path = System/Library/Frameworks/CoreGraphics.framework; sourceTree = SDKROOT; };
		FFA472D31D1FC49500CF2C95 /* Default-568h@2x.png */ = {isa = PBXFileReference; lastKnownFileType = image.png; path = "Default-568h@2x.png"; sourceTree = "<group>"; };
		FFA472D41D1FC49500CF2C95 /* Default.png */ = {isa = PBXFileReference; lastKnownFileType = image.png; path = Default.png; sourceTree = "<group>"; };
		FFA472D51D1FC49500CF2C95 /* Default@2x.png */ = {isa = PBXFileReference; lastKnownFileType = image.png; path = "Default@2x.png"; sourceTree = "<group>"; };
/* End PBXFileReference section */

/* Begin PBXFrameworksBuildPhase section */
		B65665ED1D1B85E5004A57B9 /* Frameworks */ = {
			isa = PBXFrameworksBuildPhase;
			buildActionMask = 2147483647;
			files = (
				FFA472D21D1FBDF200CF2C95 /* CoreGraphics.framework in Frameworks */,
				FFA472D01D1FBDE700CF2C95 /* QuartzCore.framework in Frameworks */,
			);
			runOnlyForDeploymentPostprocessing = 0;
		};
		B65666061D1B85E5004A57B9 /* Frameworks */ = {
			isa = PBXFrameworksBuildPhase;
			buildActionMask = 2147483647;
			files = (
			);
			runOnlyForDeploymentPostprocessing = 0;
		};
/* End PBXFrameworksBuildPhase section */

/* Begin PBXGroup section */
		B65665E71D1B85E5004A57B9 = {
			isa = PBXGroup;
			children = (
				FFA472D11D1FBDF200CF2C95 /* CoreGraphics.framework */,
				FFA472CF1D1FBDE700CF2C95 /* QuartzCore.framework */,
				B65665F21D1B85E5004A57B9 /* TMFReorderCollectionCellIniOS7 */,
				B656660C1D1B85E5004A57B9 /* TMFReorderCollectionCellIniOS7Tests */,
				B65665F11D1B85E5004A57B9 /* Products */,
			);
			sourceTree = "<group>";
		};
		B65665F11D1B85E5004A57B9 /* Products */ = {
			isa = PBXGroup;
			children = (
				B65665F01D1B85E5004A57B9 /* TMFReorderCollectionCellIniOS7.app */,
				B65666091D1B85E5004A57B9 /* TMFReorderCollectionCellIniOS7Tests.xctest */,
			);
			name = Products;
			sourceTree = "<group>";
		};
		B65665F21D1B85E5004A57B9 /* TMFReorderCollectionCellIniOS7 */ = {
			isa = PBXGroup;
			children = (
				B65665F61D1B85E5004A57B9 /* AppDelegate.h */,
				B65665F71D1B85E5004A57B9 /* AppDelegate.m */,
				B65665FC1D1B85E5004A57B9 /* Main.storyboard */,
				B65665FF1D1B85E5004A57B9 /* Assets.xcassets */,
				B65666011D1B85E5004A57B9 /* LaunchScreen.storyboard */,
				B65666041D1B85E5004A57B9 /* Info.plist */,
				B65665F31D1B85E5004A57B9 /* Supporting Files */,
				B65666181D1B869D004A57B9 /* TMFSortableCollectionViewFlowLayout.h */,
				B65666191D1B869D004A57B9 /* TMFSortableCollectionViewFlowLayout.m */,
				B656661B1D1B87C9004A57B9 /* TMFDateCollectionViewController.h */,
				B656661C1D1B87C9004A57B9 /* TMFDateCollectionViewController.m */,
				B656661E1D1B8A78004A57B9 /* TMFDateCollectionViewCell.h */,
				B656661F1D1B8A78004A57B9 /* TMFDateCollectionViewCell.m */,
				B628E1841D1BE1FC006F88FB /* TMFDateAttributes.h */,
				B628E1851D1BE1FC006F88FB /* TMFDateAttributes.m */,
				B658B8251D1D2B0B003BD995 /* NSDate+WSPXUtility.h */,
				B658B8261D1D2B0B003BD995 /* NSDate+WSPXUtility.m */,
				B658B81A1D1D0498003BD995 /* UIColor+TMFUtilityColor.h */,
				B658B81B1D1D0498003BD995 /* UIColor+TMFUtilityColor.m */,
			);
			path = TMFReorderCollectionCellIniOS7;
			sourceTree = "<group>";
		};
		B65665F31D1B85E5004A57B9 /* Supporting Files */ = {
			isa = PBXGroup;
			children = (
				FFA472D31D1FC49500CF2C95 /* Default-568h@2x.png */,
				FFA472D41D1FC49500CF2C95 /* Default.png */,
				FFA472D51D1FC49500CF2C95 /* Default@2x.png */,
				B65665F41D1B85E5004A57B9 /* main.m */,
			);
			name = "Supporting Files";
			sourceTree = "<group>";
		};
		B656660C1D1B85E5004A57B9 /* TMFReorderCollectionCellIniOS7Tests */ = {
			isa = PBXGroup;
			children = (
				B656660D1D1B85E5004A57B9 /* TMFReorderCollectionCellIniOS7Tests.m */,
				B656660F1D1B85E5004A57B9 /* Info.plist */,
			);
			path = TMFReorderCollectionCellIniOS7Tests;
			sourceTree = "<group>";
		};
/* End PBXGroup section */

/* Begin PBXNativeTarget section */
		B65665EF1D1B85E5004A57B9 /* TMFReorderCollectionCellIniOS7 */ = {
			isa = PBXNativeTarget;
			buildConfigurationList = B65666121D1B85E5004A57B9 /* Build configuration list for PBXNativeTarget "TMFReorderCollectionCellIniOS7" */;
			buildPhases = (
				B65665EC1D1B85E5004A57B9 /* Sources */,
				B65665ED1D1B85E5004A57B9 /* Frameworks */,
				B65665EE1D1B85E5004A57B9 /* Resources */,
			);
			buildRules = (
			);
			dependencies = (
			);
			name = TMFReorderCollectionCellIniOS7;
			productName = TMFReorderCollectionCellIniOS7;
			productReference = B65665F01D1B85E5004A57B9 /* TMFReorderCollectionCellIniOS7.app */;
			productType = "com.apple.product-type.application";
		};
		B65666081D1B85E5004A57B9 /* TMFReorderCollectionCellIniOS7Tests */ = {
			isa = PBXNativeTarget;
			buildConfigurationList = B65666151D1B85E5004A57B9 /* Build configuration list for PBXNativeTarget "TMFReorderCollectionCellIniOS7Tests" */;
			buildPhases = (
				B65666051D1B85E5004A57B9 /* Sources */,
				B65666061D1B85E5004A57B9 /* Frameworks */,
				B65666071D1B85E5004A57B9 /* Resources */,
			);
			buildRules = (
			);
			dependencies = (
				B656660B1D1B85E5004A57B9 /* PBXTargetDependency */,
			);
			name = TMFReorderCollectionCellIniOS7Tests;
			productName = TMFReorderCollectionCellIniOS7Tests;
			productReference = B65666091D1B85E5004A57B9 /* TMFReorderCollectionCellIniOS7Tests.xctest */;
			productType = "com.apple.product-type.bundle.unit-test";
		};
/* End PBXNativeTarget section */

/* Begin PBXProject section */
		B65665E81D1B85E5004A57B9 /* Project object */ = {
			isa = PBXProject;
			attributes = {
				LastUpgradeCheck = 0730;
				ORGANIZATIONNAME = TMFuny;
				TargetAttributes = {
					B65665EF1D1B85E5004A57B9 = {
						CreatedOnToolsVersion = 7.3;
					};
					B65666081D1B85E5004A57B9 = {
						CreatedOnToolsVersion = 7.3;
						TestTargetID = B65665EF1D1B85E5004A57B9;
					};
				};
			};
			buildConfigurationList = B65665EB1D1B85E5004A57B9 /* Build configuration list for PBXProject "TMFReorderCollectionCellIniOS7" */;
			compatibilityVersion = "Xcode 3.2";
			developmentRegion = English;
			hasScannedForEncodings = 0;
			knownRegions = (
				en,
				Base,
			);
			mainGroup = B65665E71D1B85E5004A57B9;
			productRefGroup = B65665F11D1B85E5004A57B9 /* Products */;
			projectDirPath = "";
			projectRoot = "";
			targets = (
				B65665EF1D1B85E5004A57B9 /* TMFReorderCollectionCellIniOS7 */,
				B65666081D1B85E5004A57B9 /* TMFReorderCollectionCellIniOS7Tests */,
			);
		};
/* End PBXProject section */

/* Begin PBXResourcesBuildPhase section */
		B65665EE1D1B85E5004A57B9 /* Resources */ = {
			isa = PBXResourcesBuildPhase;
			buildActionMask = 2147483647;
			files = (
				FFA472D81D1FC49500CF2C95 /* Default@2x.png in Resources */,
				B65666031D1B85E5004A57B9 /* LaunchScreen.storyboard in Resources */,
				FFA472D61D1FC49500CF2C95 /* Default-568h@2x.png in Resources */,
				B65666001D1B85E5004A57B9 /* Assets.xcassets in Resources */,
				B65665FE1D1B85E5004A57B9 /* Main.storyboard in Resources */,
				FFA472D71D1FC49500CF2C95 /* Default.png in Resources */,
			);
			runOnlyForDeploymentPostprocessing = 0;
		};
		B65666071D1B85E5004A57B9 /* Resources */ = {
			isa = PBXResourcesBuildPhase;
			buildActionMask = 2147483647;
			files = (
			);
			runOnlyForDeploymentPostprocessing = 0;
		};
/* End PBXResourcesBuildPhase section */

/* Begin PBXSourcesBuildPhase section */
		B65665EC1D1B85E5004A57B9 /* Sources */ = {
			isa = PBXSourcesBuildPhase;
			buildActionMask = 2147483647;
			files = (
				B65666201D1B8A78004A57B9 /* TMFDateCollectionViewCell.m in Sources */,
				B656661A1D1B869D004A57B9 /* TMFSortableCollectionViewFlowLayout.m in Sources */,
				B628E1861D1BE1FC006F88FB /* TMFDateAttributes.m in Sources */,
				B65665F81D1B85E5004A57B9 /* AppDelegate.m in Sources */,
				B656661D1D1B87C9004A57B9 /* TMFDateCollectionViewController.m in Sources */,
				B65665F51D1B85E5004A57B9 /* main.m in Sources */,
				B658B81C1D1D0498003BD995 /* UIColor+TMFUtilityColor.m in Sources */,
				B658B8271D1D2B0B003BD995 /* NSDate+WSPXUtility.m in Sources */,
			);
			runOnlyForDeploymentPostprocessing = 0;
		};
		B65666051D1B85E5004A57B9 /* Sources */ = {
			isa = PBXSourcesBuildPhase;
			buildActionMask = 2147483647;
			files = (
				B656660E1D1B85E5004A57B9 /* TMFReorderCollectionCellIniOS7Tests.m in Sources */,
			);
			runOnlyForDeploymentPostprocessing = 0;
		};
/* End PBXSourcesBuildPhase section */

/* Begin PBXTargetDependency section */
		B656660B1D1B85E5004A57B9 /* PBXTargetDependency */ = {
			isa = PBXTargetDependency;
			target = B65665EF1D1B85E5004A57B9 /* TMFReorderCollectionCellIniOS7 */;
			targetProxy = B656660A1D1B85E5004A57B9 /* PBXContainerItemProxy */;
		};
/* End PBXTargetDependency section */

/* Begin PBXVariantGroup section */
		B65665FC1D1B85E5004A57B9 /* Main.storyboard */ = {
			isa = PBXVariantGroup;
			children = (
				B65665FD1D1B85E5004A57B9 /* Base */,
			);
			name = Main.storyboard;
			sourceTree = "<group>";
		};
		B65666011D1B85E5004A57B9 /* LaunchScreen.storyboard */ = {
			isa = PBXVariantGroup;
			children = (
				B65666021D1B85E5004A57B9 /* Base */,
			);
			name = LaunchScreen.storyboard;
			sourceTree = "<group>";
		};
/* End PBXVariantGroup section */

/* Begin XCBuildConfiguration section */
		B65666101D1B85E5004A57B9 /* Debug */ = {
			isa = XCBuildConfiguration;
			buildSettings = {
				ALWAYS_SEARCH_USER_PATHS = NO;
				CLANG_ANALYZER_NONNULL = YES;
				CLANG_CXX_LANGUAGE_STANDARD = "gnu++0x";
				CLANG_CXX_LIBRARY = "libc++";
				CLANG_ENABLE_MODULES = YES;
				CLANG_ENABLE_OBJC_ARC = YES;
				CLANG_WARN_BOOL_CONVERSION = YES;
				CLANG_WARN_CONSTANT_CONVERSION = YES;
				CLANG_WARN_DIRECT_OBJC_ISA_USAGE = YES_ERROR;
				CLANG_WARN_EMPTY_BODY = YES;
				CLANG_WARN_ENUM_CONVERSION = YES;
				CLANG_WARN_INT_CONVERSION = YES;
				CLANG_WARN_OBJC_ROOT_CLASS = YES_ERROR;
				CLANG_WARN_UNREACHABLE_CODE = YES;
				CLANG_WARN__DUPLICATE_METHOD_MATCH = YES;
				"CODE_SIGN_IDENTITY[sdk=iphoneos*]" = "iPhone Developer";
				COPY_PHASE_STRIP = NO;
				DEBUG_INFORMATION_FORMAT = dwarf;
				ENABLE_STRICT_OBJC_MSGSEND = YES;
				ENABLE_TESTABILITY = YES;
				GCC_C_LANGUAGE_STANDARD = gnu99;
				GCC_DYNAMIC_NO_PIC = NO;
				GCC_NO_COMMON_BLOCKS = YES;
				GCC_OPTIMIZATION_LEVEL = 0;
				GCC_PREPROCESSOR_DEFINITIONS = (
					"DEBUG=1",
					"$(inherited)",
				);
				GCC_WARN_64_TO_32_BIT_CONVERSION = YES;
				GCC_WARN_ABOUT_RETURN_TYPE = YES_ERROR;
				GCC_WARN_UNDECLARED_SELECTOR = YES;
				GCC_WARN_UNINITIALIZED_AUTOS = YES_AGGRESSIVE;
				GCC_WARN_UNUSED_FUNCTION = YES;
				GCC_WARN_UNUSED_VARIABLE = YES;
				IPHONEOS_DEPLOYMENT_TARGET = 9.3;
				MTL_ENABLE_DEBUG_INFO = YES;
				ONLY_ACTIVE_ARCH = YES;
				SDKROOT = iphoneos;
			};
			name = Debug;
		};
		B65666111D1B85E5004A57B9 /* Release */ = {
			isa = XCBuildConfiguration;
			buildSettings = {
				ALWAYS_SEARCH_USER_PATHS = NO;
				CLANG_ANALYZER_NONNULL = YES;
				CLANG_CXX_LANGUAGE_STANDARD = "gnu++0x";
				CLANG_CXX_LIBRARY = "libc++";
				CLANG_ENABLE_MODULES = YES;
				CLANG_ENABLE_OBJC_ARC = YES;
				CLANG_WARN_BOOL_CONVERSION = YES;
				CLANG_WARN_CONSTANT_CONVERSION = YES;
				CLANG_WARN_DIRECT_OBJC_ISA_USAGE = YES_ERROR;
				CLANG_WARN_EMPTY_BODY = YES;
				CLANG_WARN_ENUM_CONVERSION = YES;
				CLANG_WARN_INT_CONVERSION = YES;
				CLANG_WARN_OBJC_ROOT_CLASS = YES_ERROR;
				CLANG_WARN_UNREACHABLE_CODE = YES;
				CLANG_WARN__DUPLICATE_METHOD_MATCH = YES;
				"CODE_SIGN_IDENTITY[sdk=iphoneos*]" = "iPhone Developer";
				COPY_PHASE_STRIP = NO;
				DEBUG_INFORMATION_FORMAT = "dwarf-with-dsym";
				ENABLE_NS_ASSERTIONS = NO;
				ENABLE_STRICT_OBJC_MSGSEND = YES;
				GCC_C_LANGUAGE_STANDARD = gnu99;
				GCC_NO_COMMON_BLOCKS = YES;
				GCC_WARN_64_TO_32_BIT_CONVERSION = YES;
				GCC_WARN_ABOUT_RETURN_TYPE = YES_ERROR;
				GCC_WARN_UNDECLARED_SELECTOR = YES;
				GCC_WARN_UNINITIALIZED_AUTOS = YES_AGGRESSIVE;
				GCC_WARN_UNUSED_FUNCTION = YES;
				GCC_WARN_UNUSED_VARIABLE = YES;
				IPHONEOS_DEPLOYMENT_TARGET = 9.3;
				MTL_ENABLE_DEBUG_INFO = NO;
				SDKROOT = iphoneos;
				VALIDATE_PRODUCT = YES;
			};
			name = Release;
		};
		B65666131D1B85E5004A57B9 /* Debug */ = {
			isa = XCBuildConfiguration;
			buildSettings = {
				ASSETCATALOG_COMPILER_APPICON_NAME = AppIcon;
				INFOPLIST_FILE = TMFReorderCollectionCellIniOS7/Info.plist;
				IPHONEOS_DEPLOYMENT_TARGET = 7.0;
				LD_RUNPATH_SEARCH_PATHS = "$(inherited) @executable_path/Frameworks";
				PRODUCT_BUNDLE_IDENTIFIER = com.TMFuny.TMFReorderCollectionCellIniOS7;
				PRODUCT_NAME = "$(TARGET_NAME)";
			};
			name = Debug;
		};
		B65666141D1B85E5004A57B9 /* Release */ = {
			isa = XCBuildConfiguration;
			buildSettings = {
				ASSETCATALOG_COMPILER_APPICON_NAME = AppIcon;
				INFOPLIST_FILE = TMFReorderCollectionCellIniOS7/Info.plist;
				IPHONEOS_DEPLOYMENT_TARGET = 7.0;
				LD_RUNPATH_SEARCH_PATHS = "$(inherited) @executable_path/Frameworks";
				PRODUCT_BUNDLE_IDENTIFIER = com.TMFuny.TMFReorderCollectionCellIniOS7;
				PRODUCT_NAME = "$(TARGET_NAME)";
			};
			name = Release;
		};
		B65666161D1B85E5004A57B9 /* Debug */ = {
			isa = XCBuildConfiguration;
			buildSettings = {
				BUNDLE_LOADER = "$(TEST_HOST)";
				INFOPLIST_FILE = TMFReorderCollectionCellIniOS7Tests/Info.plist;
				LD_RUNPATH_SEARCH_PATHS = "$(inherited) @executable_path/Frameworks @loader_path/Frameworks";
				PRODUCT_BUNDLE_IDENTIFIER = com.TMFuny.TMFReorderCollectionCellIniOS7Tests;
				PRODUCT_NAME = "$(TARGET_NAME)";
				TEST_HOST = "$(BUILT_PRODUCTS_DIR)/TMFReorderCollectionCellIniOS7.app/TMFReorderCollectionCellIniOS7";
			};
			name = Debug;
		};
		B65666171D1B85E5004A57B9 /* Release */ = {
			isa = XCBuildConfiguration;
			buildSettings = {
				BUNDLE_LOADER = "$(TEST_HOST)";
				INFOPLIST_FILE = TMFReorderCollectionCellIniOS7Tests/Info.plist;
				LD_RUNPATH_SEARCH_PATHS = "$(inherited) @executable_path/Frameworks @loader_path/Frameworks";
				PRODUCT_BUNDLE_IDENTIFIER = com.TMFuny.TMFReorderCollectionCellIniOS7Tests;
				PRODUCT_NAME = "$(TARGET_NAME)";
				TEST_HOST = "$(BUILT_PRODUCTS_DIR)/TMFReorderCollectionCellIniOS7.app/TMFReorderCollectionCellIniOS7";
			};
			name = Release;
		};
/* End XCBuildConfiguration section */

/* Begin XCConfigurationList section */
		B65665EB1D1B85E5004A57B9 /* Build configuration list for PBXProject "TMFReorderCollectionCellIniOS7" */ = {
			isa = XCConfigurationList;
			buildConfigurations = (
				B65666101D1B85E5004A57B9 /* Debug */,
				B65666111D1B85E5004A57B9 /* Release */,
			);
			defaultConfigurationIsVisible = 0;
			defaultConfigurationName = Release;
		};
		B65666121D1B85E5004A57B9 /* Build configuration list for PBXNativeTarget "TMFReorderCollectionCellIniOS7" */ = {
			isa = XCConfigurationList;
			buildConfigurations = (
				B65666131D1B85E5004A57B9 /* Debug */,
				B65666141D1B85E5004A57B9 /* Release */,
			);
			defaultConfigurationIsVisible = 0;
			defaultConfigurationName = Release;
		};
		B65666151D1B85E5004A57B9 /* Build configuration list for PBXNativeTarget "TMFReorderCollectionCellIniOS7Tests" */ = {
			isa = XCConfigurationList;
			buildConfigurations = (
				B65666161D1B85E5004A57B9 /* Debug */,
				B65666171D1B85E5004A57B9 /* Release */,
			);
			defaultConfigurationIsVisible = 0;
			defaultConfigurationName = Release;
		};
/* End XCConfigurationList section */
	};
	rootObject = B65665E81D1B85E5004A57B9 /* Project object */;
}
